{
  "name": "pasciaks-lostwords-org-library-usage-test",
  "version": "1.0.0",
  "lockfileVersion": 3,
  "requires": true,
  "packages": {
    "": {
      "name": "pasciaks-lostwords-org-library-usage-test",
      "version": "1.0.0",
      "license": "ISC",
      "dependencies": {
        "@pasciaks/lostwords-org-library": "^1.0.0"
      }
    },
    "node_modules/@pasciaks/lostwords-org-library": {
      "version": "1.0.37",
      "resolved": "https://registry.npmjs.org/@pasciaks/lostwords-org-library/-/lostwords-org-library-1.0.37.tgz",
      "integrity": "sha512-qa9WFpasM4G9I2wuKl83OWPell3XsG0/YT7FuvO4JbzY4C2Y19mSQHYjSHRkD7B1GPBQWDpYLyV8Li/fiDfqpA=="
    }
  }
}
