{
  "name": "pasciaks-lostwords-org-library-usage-test",
  "version": "1.0.0",
  "lockfileVersion": 3,
  "requires": true,
  "packages": {
    "": {
      "name": "pasciaks-lostwords-org-library-usage-test",
      "version": "1.0.0",
      "license": "ISC",
      "dependencies": {
        "@pasciaks/lostwords-org-library": "^1.0.0"
      }
    },
    "node_modules/@pasciaks/lostwords-org-library": {
      "version": "1.0.39",
      "resolved": "https://registry.npmjs.org/@pasciaks/lostwords-org-library/-/lostwords-org-library-1.0.39.tgz",
      "integrity": "sha512-uLiQkE7kktLU22yT+25h+WiCK8JLaOq6vyql/79AVnPZzLzdvXVkhszuTXNkYDdIXKqJLh/XOTOyDvLCYTZt8w=="
    }
  }
}
